
Microsoft Visual Studio Solution File, Format Version 12.00
# Visual Studio Version 17
VisualStudioVersion = 17.4.33122.133
MinimumVisualStudioVersion = 10.0.40219.1
Project("{FAE04EC0-301F-11D3-BF4B-00C04F79EFBC}") = "aspnet-docker", "aspnet-docker\aspnet-docker.csproj", "{62AB121D-0C5C-4EA2-940F-BD2AFDD5FFCB}"
EndProject
Global
	GlobalSection(SolutionConfigurationPlatforms) = preSolution
		Debug|Any CPU = Debug|Any CPU
		Release|Any CPU = Release|Any CPU
	EndGlobalSection
	GlobalSection(ProjectConfigurationPlatforms) = postSolution
		{62AB121D-0C5C-4EA2-940F-BD2AFDD5FFCB}.Debug|Any CPU.ActiveCfg = Debug|Any CPU
		{62AB121D-0C5C-4EA2-940F-BD2AFDD5FFCB}.Debug|Any CPU.Build.0 = Debug|Any CPU
		{62AB121D-0C5C-4EA2-940F-BD2AFDD5FFCB}.Release|Any CPU.ActiveCfg = Release|Any CPU
		{62AB121D-0C5C-4EA2-940F-BD2AFDD5FFCB}.Release|Any CPU.Build.0 = Release|Any CPU
	EndGlobalSection
	GlobalSection(SolutionProperties) = preSolution
		HideSolutionNode = FALSE
	EndGlobalSection
	GlobalSection(ExtensibilityGlobals) = postSolution
		SolutionGuid = {FDE32557-E2CB-491F-BD37-EDB22DF41D93}
	EndGlobalSection
EndGlobal
